{
  "requires": true,
  "lockfileVersion": 1,
  "dependencies": {
    "@tensorflow-models/mobilenet": {
      "version": "0.2.2",
      "resolved": "https://registry.npmjs.org/@tensorflow-models/mobilenet/-/mobilenet-0.2.2.tgz",
      "integrity": "sha512-gmBbZ8QpUTLP4SqQah+c4KC56bTicgZEUUVsGvzTKunrHxI5339kFeFQ/XgCW2/pYPb3/tqjGSXEP272n/VTjw=="
    }
  }
}
